// !$*UTF8*$!
{
	archiveVersion = 1;
	classes = {
	};
	objectVersion = 48;
	objects = {

/* Begin PBXBuildFile section */
		382CA9A720E23A1C007D7496 /* QueryBuilder.swift in Sources */ = {isa = PBXBuildFile; fileRef = 382CA9A620E23A1C007D7496 /* QueryBuilder.swift */; };
		382CA9AB20E23DB1007D7496 /* NodeReferable.swift in Sources */ = {isa = PBXBuildFile; fileRef = 382CA9AA20E23DB1007D7496 /* NodeReferable.swift */; };
		382CA9AD20E23DC1007D7496 /* WayReferable.swift in Sources */ = {isa = PBXBuildFile; fileRef = 382CA9AC20E23DC1007D7496 /* WayReferable.swift */; };
		382CA9AF20E23DD1007D7496 /* RelationReferable.swift in Sources */ = {isa = PBXBuildFile; fileRef = 382CA9AE20E23DD1007D7496 /* RelationReferable.swift */; };
		38D4801720E24796007BD521 /* XMLQueryBuilder.swift in Sources */ = {isa = PBXBuildFile; fileRef = 38D4801620E24796007BD521 /* XMLQueryBuilder.swift */; };
		38F2AE431FD3B15E00BC1D27 /* SwiftOverpass.framework in Frameworks */ = {isa = PBXBuildFile; fileRef = 38F2AE391FD3B15E00BC1D27 /* SwiftOverpass.framework */; };
		38F2AE4A1FD3B15E00BC1D27 /* SwiftOverpass.h in Headers */ = {isa = PBXBuildFile; fileRef = 38F2AE3C1FD3B15E00BC1D27 /* SwiftOverpass.h */; settings = {ATTRIBUTES = (Public, ); }; };
		38F2AE541FD3B40300BC1D27 /* AEXML.framework in Frameworks */ = {isa = PBXBuildFile; fileRef = 38F2AE551FD3B40300BC1D27 /* AEXML.framework */; };
		38F2AE561FD3B40C00BC1D27 /* Alamofire.framework in Frameworks */ = {isa = PBXBuildFile; fileRef = 38F2AE571FD3B40C00BC1D27 /* Alamofire.framework */; };
		38F2AEA31FD3CD6100BC1D27 /* SwiftOverpass.swift in Sources */ = {isa = PBXBuildFile; fileRef = 38F2AEA21FD3CD6100BC1D27 /* SwiftOverpass.swift */; };
		38F2AEA51FD3CD9E00BC1D27 /* OverpassTag.swift in Sources */ = {isa = PBXBuildFile; fileRef = 38F2AEA41FD3CD9E00BC1D27 /* OverpassTag.swift */; };
		38F2AEA71FD3CDAA00BC1D27 /* BoudingBox.swift in Sources */ = {isa = PBXBuildFile; fileRef = 38F2AEA61FD3CDAA00BC1D27 /* BoudingBox.swift */; };
		38F2AEA91FD3CDEA00BC1D27 /* OverpassQuery.swift in Sources */ = {isa = PBXBuildFile; fileRef = 38F2AEA81FD3CDEA00BC1D27 /* OverpassQuery.swift */; };
		38F2AEAC1FD3CF1300BC1D27 /* NodeQuery.swift in Sources */ = {isa = PBXBuildFile; fileRef = 38F2AEAB1FD3CF1300BC1D27 /* NodeQuery.swift */; };
		38F2AEAE1FD3CF2800BC1D27 /* WayQuery.swift in Sources */ = {isa = PBXBuildFile; fileRef = 38F2AEAD1FD3CF2800BC1D27 /* WayQuery.swift */; };
		38F2AEB01FD3CF3E00BC1D27 /* RelationQuery.swift in Sources */ = {isa = PBXBuildFile; fileRef = 38F2AEAF1FD3CF3E00BC1D27 /* RelationQuery.swift */; };
		38F2AF0C1FD407CE00BC1D27 /* OverpassResponse.swift in Sources */ = {isa = PBXBuildFile; fileRef = 38F2AF0B1FD407CE00BC1D27 /* OverpassResponse.swift */; };
		6408D77920D3189200829A3A /* OverpassRelation+AEXMLElement.swift in Sources */ = {isa = PBXBuildFile; fileRef = 6408D77820D3189200829A3A /* OverpassRelation+AEXMLElement.swift */; };
		6408D77B20D3190000829A3A /* OverpassRelation_AEXMLElementTestCase.swift in Sources */ = {isa = PBXBuildFile; fileRef = 6408D77A20D3190000829A3A /* OverpassRelation_AEXMLElementTestCase.swift */; };
		6408D77C20D31AB000829A3A /* SingleRelation.xml in Resources */ = {isa = PBXBuildFile; fileRef = 6408D77620D3184100829A3A /* SingleRelation.xml */; };
		6434049F20FEA186004C79D5 /* OverpassResponseTestCase.swift in Sources */ = {isa = PBXBuildFile; fileRef = 6434049E20FEA186004C79D5 /* OverpassResponseTestCase.swift */; };
		643404A820FEA6A3004C79D5 /* ShortenedResponseFromOpenStreetMapAPI.xml in Resources */ = {isa = PBXBuildFile; fileRef = 643404A620FEA6A3004C79D5 /* ShortenedResponseFromOpenStreetMapAPI.xml */; };
		643404A920FEA6A3004C79D5 /* ShortenedResponseFromOverpass.xml in Resources */ = {isa = PBXBuildFile; fileRef = 643404A720FEA6A3004C79D5 /* ShortenedResponseFromOverpass.xml */; };
		643DB70F20ACDCBD001A7B95 /* OverpassEntity+AEXMLElement.swift in Sources */ = {isa = PBXBuildFile; fileRef = 643DB70E20ACDCBD001A7B95 /* OverpassEntity+AEXMLElement.swift */; };
		643DB71720ACE53F001A7B95 /* SingleWay.xml in Resources */ = {isa = PBXBuildFile; fileRef = 643DB71620ACE53F001A7B95 /* SingleWay.xml */; };
		643DB71A20ACE5A4001A7B95 /* OverpassWay+AEXMLElement.swift in Sources */ = {isa = PBXBuildFile; fileRef = 643DB71920ACE5A4001A7B95 /* OverpassWay+AEXMLElement.swift */; };
		643DB71C20ACE69F001A7B95 /* OverpassWay_AEXMLElementTestCase.swift in Sources */ = {isa = PBXBuildFile; fileRef = 643DB71B20ACE69F001A7B95 /* OverpassWay_AEXMLElementTestCase.swift */; };
		643DB71F20ACE79F001A7B95 /* XCTestCase+XMLFromFile.swift in Sources */ = {isa = PBXBuildFile; fileRef = 643DB71E20ACE79F001A7B95 /* XCTestCase+XMLFromFile.swift */; };
		6441AC4E209A6DAF00B03F3E /* SingleNode.xml in Resources */ = {isa = PBXBuildFile; fileRef = 6441AC4D209A6DAF00B03F3E /* SingleNode.xml */; };
		6441AC54209A700B00B03F3E /* OverpassNode+AEXMLElement.swift in Sources */ = {isa = PBXBuildFile; fileRef = 6441AC53209A700B00B03F3E /* OverpassNode+AEXMLElement.swift */; };
		6441AC56209A707E00B03F3E /* OverpassNode_AEXMLElementTestCase.swift in Sources */ = {isa = PBXBuildFile; fileRef = 6441AC55209A707E00B03F3E /* OverpassNode_AEXMLElementTestCase.swift */; };
		64570078207552AA0061A81D /* OverpassTagTestCase.swift in Sources */ = {isa = PBXBuildFile; fileRef = 64570077207552AA0061A81D /* OverpassTagTestCase.swift */; };
		64732EA920D6734600B5646E /* SingleRelationWithMetaProperties.xml in Resources */ = {isa = PBXBuildFile; fileRef = 64732EA720D6732700B5646E /* SingleRelationWithMetaProperties.xml */; };
		64732EAB20D6745F00B5646E /* SingleWayWithMetaProperties.xml in Resources */ = {isa = PBXBuildFile; fileRef = 64732EAA20D6745000B5646E /* SingleWayWithMetaProperties.xml */; };
		6481864421238B1900808873 /* OverpassWay.swift in Sources */ = {isa = PBXBuildFile; fileRef = 6481863F21238B1900808873 /* OverpassWay.swift */; };
		6481864521238B1900808873 /* OverpassElement.swift in Sources */ = {isa = PBXBuildFile; fileRef = 6481864021238B1900808873 /* OverpassElement.swift */; };
		6481864621238B1900808873 /* OverpassNode.swift in Sources */ = {isa = PBXBuildFile; fileRef = 6481864121238B1900808873 /* OverpassNode.swift */; };
		6481864721238B1900808873 /* OverpassRelation.swift in Sources */ = {isa = PBXBuildFile; fileRef = 6481864221238B1900808873 /* OverpassRelation.swift */; };
		6481864821238B1900808873 /* OverpassResponseElementsProviding.swift in Sources */ = {isa = PBXBuildFile; fileRef = 6481864321238B1900808873 /* OverpassResponseElementsProviding.swift */; };
		6481864A21238C1F00808873 /* OverpassTag+AEXMLElement.swift in Sources */ = {isa = PBXBuildFile; fileRef = 6481864921238C1F00808873 /* OverpassTag+AEXMLElement.swift */; };
		6484AD9020D4695A00AD2EAC /* SingleRelationWithMemberOfUnexpectedType.xml in Resources */ = {isa = PBXBuildFile; fileRef = 6484AD8E20D4676B00AD2EAC /* SingleRelationWithMemberOfUnexpectedType.xml */; };
		6484AD9220D46D7D00AD2EAC /* SingleRelationWithMemberThatIsMissingItsID.xml in Resources */ = {isa = PBXBuildFile; fileRef = 6484AD9120D46CD100AD2EAC /* SingleRelationWithMemberThatIsMissingItsID.xml */; };
		6484AD9620D474F500AD2EAC /* SingleNodeWithMetaProperties.xml in Resources */ = {isa = PBXBuildFile; fileRef = 6484AD9320D4707800AD2EAC /* SingleNodeWithMetaProperties.xml */; };
		64BDA7CA20DDA3CF004C47A7 /* SingleWayWithNodeThatIsMissingItsID.xml in Resources */ = {isa = PBXBuildFile; fileRef = 64BDA7C920DDA30C004C47A7 /* SingleWayWithNodeThatIsMissingItsID.xml */; };
		64BDA7CD20DDAF3F004C47A7 /* OverpassResponseElementProviderMock.swift in Sources */ = {isa = PBXBuildFile; fileRef = 64BDA7CC20DDAF3F004C47A7 /* OverpassResponseElementProviderMock.swift */; };
/* End PBXBuildFile section */

/* Begin PBXContainerItemProxy section */
		387EEFF11FE00869008AAB56 /* PBXContainerItemProxy */ = {
			isa = PBXContainerItemProxy;
			containerPortal = 387EEFED1FE00869008AAB56 /* SwiftOverpassDemo.xcodeproj */;
			proxyType = 2;
			remoteGlobalIDString = 38F2AEF21FD3D0A700BC1D27;
			remoteInfo = SwiftOverpassDemo;
		};
		38F2AE441FD3B15E00BC1D27 /* PBXContainerItemProxy */ = {
			isa = PBXContainerItemProxy;
			containerPortal = 38F2AE301FD3B15E00BC1D27 /* Project object */;
			proxyType = 1;
			remoteGlobalIDString = 38F2AE381FD3B15E00BC1D27;
			remoteInfo = SwiftOverpass;
		};
/* End PBXContainerItemProxy section */

/* Begin PBXFileReference section */
		382CA9A620E23A1C007D7496 /* QueryBuilder.swift */ = {isa = PBXFileReference; lastKnownFileType = sourcecode.swift; path = QueryBuilder.swift; sourceTree = "<group>"; };
		382CA9AA20E23DB1007D7496 /* NodeReferable.swift */ = {isa = PBXFileReference; lastKnownFileType = sourcecode.swift; path = NodeReferable.swift; sourceTree = "<group>"; };
		382CA9AC20E23DC1007D7496 /* WayReferable.swift */ = {isa = PBXFileReference; lastKnownFileType = sourcecode.swift; path = WayReferable.swift; sourceTree = "<group>"; };
		382CA9AE20E23DD1007D7496 /* RelationReferable.swift */ = {isa = PBXFileReference; lastKnownFileType = sourcecode.swift; path = RelationReferable.swift; sourceTree = "<group>"; };
		387EEFED1FE00869008AAB56 /* SwiftOverpassDemo.xcodeproj */ = {isa = PBXFileReference; lastKnownFileType = "wrapper.pb-project"; name = SwiftOverpassDemo.xcodeproj; path = SwiftOverpassDemo/SwiftOverpassDemo.xcodeproj; sourceTree = "<group>"; };
		38D4801620E24796007BD521 /* XMLQueryBuilder.swift */ = {isa = PBXFileReference; fileEncoding = 4; lastKnownFileType = sourcecode.swift; path = XMLQueryBuilder.swift; sourceTree = "<group>"; };
		38F2AE391FD3B15E00BC1D27 /* SwiftOverpass.framework */ = {isa = PBXFileReference; explicitFileType = wrapper.framework; includeInIndex = 0; path = SwiftOverpass.framework; sourceTree = BUILT_PRODUCTS_DIR; };
		38F2AE3C1FD3B15E00BC1D27 /* SwiftOverpass.h */ = {isa = PBXFileReference; lastKnownFileType = sourcecode.c.h; path = SwiftOverpass.h; sourceTree = "<group>"; };
		38F2AE3D1FD3B15E00BC1D27 /* Info.plist */ = {isa = PBXFileReference; lastKnownFileType = text.plist.xml; path = Info.plist; sourceTree = "<group>"; };
		38F2AE421FD3B15E00BC1D27 /* SwiftOverpassTests.xctest */ = {isa = PBXFileReference; explicitFileType = wrapper.cfbundle; includeInIndex = 0; path = SwiftOverpassTests.xctest; sourceTree = BUILT_PRODUCTS_DIR; };
		38F2AE491FD3B15E00BC1D27 /* Info.plist */ = {isa = PBXFileReference; lastKnownFileType = text.plist.xml; path = Info.plist; sourceTree = "<group>"; };
		38F2AE551FD3B40300BC1D27 /* AEXML.framework */ = {isa = PBXFileReference; explicitFileType = wrapper.framework; path = AEXML.framework; sourceTree = BUILT_PRODUCTS_DIR; };
		38F2AE571FD3B40C00BC1D27 /* Alamofire.framework */ = {isa = PBXFileReference; explicitFileType = wrapper.framework; path = Alamofire.framework; sourceTree = BUILT_PRODUCTS_DIR; };
		38F2AEA21FD3CD6100BC1D27 /* SwiftOverpass.swift */ = {isa = PBXFileReference; lastKnownFileType = sourcecode.swift; path = SwiftOverpass.swift; sourceTree = "<group>"; };
		38F2AEA41FD3CD9E00BC1D27 /* OverpassTag.swift */ = {isa = PBXFileReference; lastKnownFileType = sourcecode.swift; path = OverpassTag.swift; sourceTree = "<group>"; };
		38F2AEA61FD3CDAA00BC1D27 /* BoudingBox.swift */ = {isa = PBXFileReference; lastKnownFileType = sourcecode.swift; path = BoudingBox.swift; sourceTree = "<group>"; };
		38F2AEA81FD3CDEA00BC1D27 /* OverpassQuery.swift */ = {isa = PBXFileReference; lastKnownFileType = sourcecode.swift; path = OverpassQuery.swift; sourceTree = "<group>"; };
		38F2AEAA1FD3CEC700BC1D27 /* XCTest.framework */ = {isa = PBXFileReference; lastKnownFileType = wrapper.framework; name = XCTest.framework; path = Platforms/iPhoneOS.platform/Developer/Library/Frameworks/XCTest.framework; sourceTree = DEVELOPER_DIR; };
		38F2AEAB1FD3CF1300BC1D27 /* NodeQuery.swift */ = {isa = PBXFileReference; lastKnownFileType = sourcecode.swift; path = NodeQuery.swift; sourceTree = "<group>"; };
		38F2AEAD1FD3CF2800BC1D27 /* WayQuery.swift */ = {isa = PBXFileReference; lastKnownFileType = sourcecode.swift; path = WayQuery.swift; sourceTree = "<group>"; };
		38F2AEAF1FD3CF3E00BC1D27 /* RelationQuery.swift */ = {isa = PBXFileReference; lastKnownFileType = sourcecode.swift; path = RelationQuery.swift; sourceTree = "<group>"; };
		38F2AF0B1FD407CE00BC1D27 /* OverpassResponse.swift */ = {isa = PBXFileReference; lastKnownFileType = sourcecode.swift; path = OverpassResponse.swift; sourceTree = "<group>"; };
		6408D77620D3184100829A3A /* SingleRelation.xml */ = {isa = PBXFileReference; lastKnownFileType = text.xml; path = SingleRelation.xml; sourceTree = "<group>"; };
		6408D77820D3189200829A3A /* OverpassRelation+AEXMLElement.swift */ = {isa = PBXFileReference; lastKnownFileType = sourcecode.swift; path = "OverpassRelation+AEXMLElement.swift"; sourceTree = "<group>"; };
		6408D77A20D3190000829A3A /* OverpassRelation_AEXMLElementTestCase.swift */ = {isa = PBXFileReference; lastKnownFileType = sourcecode.swift; path = OverpassRelation_AEXMLElementTestCase.swift; sourceTree = "<group>"; };
		6434049E20FEA186004C79D5 /* OverpassResponseTestCase.swift */ = {isa = PBXFileReference; lastKnownFileType = sourcecode.swift; path = OverpassResponseTestCase.swift; sourceTree = "<group>"; };
		643404A620FEA6A3004C79D5 /* ShortenedResponseFromOpenStreetMapAPI.xml */ = {isa = PBXFileReference; fileEncoding = 4; lastKnownFileType = text.xml; path = ShortenedResponseFromOpenStreetMapAPI.xml; sourceTree = "<group>"; };
		643404A720FEA6A3004C79D5 /* ShortenedResponseFromOverpass.xml */ = {isa = PBXFileReference; fileEncoding = 4; lastKnownFileType = text.xml; path = ShortenedResponseFromOverpass.xml; sourceTree = "<group>"; };
		643DB70E20ACDCBD001A7B95 /* OverpassEntity+AEXMLElement.swift */ = {isa = PBXFileReference; lastKnownFileType = sourcecode.swift; path = "OverpassEntity+AEXMLElement.swift"; sourceTree = "<group>"; };
		643DB71620ACE53F001A7B95 /* SingleWay.xml */ = {isa = PBXFileReference; lastKnownFileType = text.xml; path = SingleWay.xml; sourceTree = "<group>"; };
		643DB71920ACE5A4001A7B95 /* OverpassWay+AEXMLElement.swift */ = {isa = PBXFileReference; lastKnownFileType = sourcecode.swift; path = "OverpassWay+AEXMLElement.swift"; sourceTree = "<group>"; };
		643DB71B20ACE69F001A7B95 /* OverpassWay_AEXMLElementTestCase.swift */ = {isa = PBXFileReference; lastKnownFileType = sourcecode.swift; path = OverpassWay_AEXMLElementTestCase.swift; sourceTree = "<group>"; };
		643DB71E20ACE79F001A7B95 /* XCTestCase+XMLFromFile.swift */ = {isa = PBXFileReference; lastKnownFileType = sourcecode.swift; path = "XCTestCase+XMLFromFile.swift"; sourceTree = "<group>"; };
		6441AC4D209A6DAF00B03F3E /* SingleNode.xml */ = {isa = PBXFileReference; lastKnownFileType = text.xml; path = SingleNode.xml; sourceTree = "<group>"; };
		6441AC53209A700B00B03F3E /* OverpassNode+AEXMLElement.swift */ = {isa = PBXFileReference; lastKnownFileType = sourcecode.swift; path = "OverpassNode+AEXMLElement.swift"; sourceTree = "<group>"; };
		6441AC55209A707E00B03F3E /* OverpassNode_AEXMLElementTestCase.swift */ = {isa = PBXFileReference; lastKnownFileType = sourcecode.swift; path = OverpassNode_AEXMLElementTestCase.swift; sourceTree = "<group>"; };
		64570077207552AA0061A81D /* OverpassTagTestCase.swift */ = {isa = PBXFileReference; lastKnownFileType = sourcecode.swift; path = OverpassTagTestCase.swift; sourceTree = "<group>"; };
		64732EA720D6732700B5646E /* SingleRelationWithMetaProperties.xml */ = {isa = PBXFileReference; lastKnownFileType = text.xml; path = SingleRelationWithMetaProperties.xml; sourceTree = "<group>"; };
		64732EAA20D6745000B5646E /* SingleWayWithMetaProperties.xml */ = {isa = PBXFileReference; lastKnownFileType = text.xml; path = SingleWayWithMetaProperties.xml; sourceTree = "<group>"; };
		6481863F21238B1900808873 /* OverpassWay.swift */ = {isa = PBXFileReference; fileEncoding = 4; lastKnownFileType = sourcecode.swift; path = OverpassWay.swift; sourceTree = "<group>"; };
		6481864021238B1900808873 /* OverpassElement.swift */ = {isa = PBXFileReference; fileEncoding = 4; lastKnownFileType = sourcecode.swift; path = OverpassElement.swift; sourceTree = "<group>"; };
		6481864121238B1900808873 /* OverpassNode.swift */ = {isa = PBXFileReference; fileEncoding = 4; lastKnownFileType = sourcecode.swift; path = OverpassNode.swift; sourceTree = "<group>"; };
		6481864221238B1900808873 /* OverpassRelation.swift */ = {isa = PBXFileReference; fileEncoding = 4; lastKnownFileType = sourcecode.swift; path = OverpassRelation.swift; sourceTree = "<group>"; };
		6481864321238B1900808873 /* OverpassResponseElementsProviding.swift */ = {isa = PBXFileReference; fileEncoding = 4; lastKnownFileType = sourcecode.swift; path = OverpassResponseElementsProviding.swift; sourceTree = "<group>"; };
		6481864921238C1F00808873 /* OverpassTag+AEXMLElement.swift */ = {isa = PBXFileReference; lastKnownFileType = sourcecode.swift; path = "OverpassTag+AEXMLElement.swift"; sourceTree = "<group>"; };
		6484AD8E20D4676B00AD2EAC /* SingleRelationWithMemberOfUnexpectedType.xml */ = {isa = PBXFileReference; lastKnownFileType = text.xml; path = SingleRelationWithMemberOfUnexpectedType.xml; sourceTree = "<group>"; };
		6484AD9120D46CD100AD2EAC /* SingleRelationWithMemberThatIsMissingItsID.xml */ = {isa = PBXFileReference; lastKnownFileType = text.xml; path = SingleRelationWithMemberThatIsMissingItsID.xml; sourceTree = "<group>"; };
		6484AD9320D4707800AD2EAC /* SingleNodeWithMetaProperties.xml */ = {isa = PBXFileReference; lastKnownFileType = text.xml; path = SingleNodeWithMetaProperties.xml; sourceTree = "<group>"; };
		64BDA7C920DDA30C004C47A7 /* SingleWayWithNodeThatIsMissingItsID.xml */ = {isa = PBXFileReference; lastKnownFileType = text.xml; path = SingleWayWithNodeThatIsMissingItsID.xml; sourceTree = "<group>"; };
		64BDA7CC20DDAF3F004C47A7 /* OverpassResponseElementProviderMock.swift */ = {isa = PBXFileReference; lastKnownFileType = sourcecode.swift; path = OverpassResponseElementProviderMock.swift; sourceTree = "<group>"; };
/* End PBXFileReference section */

/* Begin PBXFrameworksBuildPhase section */
		38F2AE351FD3B15E00BC1D27 /* Frameworks */ = {
			isa = PBXFrameworksBuildPhase;
			buildActionMask = 2147483647;
			files = (
				38F2AE561FD3B40C00BC1D27 /* Alamofire.framework in Frameworks */,
				38F2AE541FD3B40300BC1D27 /* AEXML.framework in Frameworks */,
			);
			runOnlyForDeploymentPostprocessing = 0;
		};
		38F2AE3F1FD3B15E00BC1D27 /* Frameworks */ = {
			isa = PBXFrameworksBuildPhase;
			buildActionMask = 2147483647;
			files = (
				38F2AE431FD3B15E00BC1D27 /* SwiftOverpass.framework in Frameworks */,
			);
			runOnlyForDeploymentPostprocessing = 0;
		};
/* End PBXFrameworksBuildPhase section */

/* Begin PBXGroup section */
		382CA9B020E23F68007D7496 /* Queries */ = {
			isa = PBXGroup;
			children = (
				382CA9B120E23F96007D7496 /* Mixins */,
				38F2AEA81FD3CDEA00BC1D27 /* OverpassQuery.swift */,
				38F2AEAB1FD3CF1300BC1D27 /* NodeQuery.swift */,
				38F2AEAD1FD3CF2800BC1D27 /* WayQuery.swift */,
				38F2AEAF1FD3CF3E00BC1D27 /* RelationQuery.swift */,
				382CA9A620E23A1C007D7496 /* QueryBuilder.swift */,
				38D4801620E24796007BD521 /* XMLQueryBuilder.swift */,
			);
			path = Queries;
			sourceTree = "<group>";
		};
		382CA9B120E23F96007D7496 /* Mixins */ = {
			isa = PBXGroup;
			children = (
				382CA9AA20E23DB1007D7496 /* NodeReferable.swift */,
				382CA9AC20E23DC1007D7496 /* WayReferable.swift */,
				382CA9AE20E23DD1007D7496 /* RelationReferable.swift */,
			);
			path = Mixins;
			sourceTree = "<group>";
		};
		387EEFEE1FE00869008AAB56 /* Products */ = {
			isa = PBXGroup;
			children = (
				387EEFF21FE00869008AAB56 /* SwiftOverpassDemo.app */,
			);
			name = Products;
			sourceTree = "<group>";
		};
		38F2AE2F1FD3B15E00BC1D27 = {
			isa = PBXGroup;
			children = (
				38F2AE3B1FD3B15E00BC1D27 /* SwiftOverpass */,
				38F2AE461FD3B15E00BC1D27 /* SwiftOverpassTests */,
				38F2AE3A1FD3B15E00BC1D27 /* Products */,
				38F2AE531FD3B40300BC1D27 /* Frameworks */,
			);
			sourceTree = "<group>";
		};
		38F2AE3A1FD3B15E00BC1D27 /* Products */ = {
			isa = PBXGroup;
			children = (
				38F2AE391FD3B15E00BC1D27 /* SwiftOverpass.framework */,
				38F2AE421FD3B15E00BC1D27 /* SwiftOverpassTests.xctest */,
			);
			name = Products;
			sourceTree = "<group>";
		};
		38F2AE3B1FD3B15E00BC1D27 /* SwiftOverpass */ = {
			isa = PBXGroup;
			children = (
				6481863D21238B1900808873 /* Models */,
				382CA9B020E23F68007D7496 /* Queries */,
				6441AC50209A6ED000B03F3E /* Extensions */,
				38F2AE3C1FD3B15E00BC1D27 /* SwiftOverpass.h */,
				38F2AE3D1FD3B15E00BC1D27 /* Info.plist */,
				38F2AEA21FD3CD6100BC1D27 /* SwiftOverpass.swift */,
				38F2AF0B1FD407CE00BC1D27 /* OverpassResponse.swift */,
				38F2AEA61FD3CDAA00BC1D27 /* BoudingBox.swift */,
			);
			path = SwiftOverpass;
			sourceTree = "<group>";
		};
		38F2AE461FD3B15E00BC1D27 /* SwiftOverpassTests */ = {
			isa = PBXGroup;
			children = (
				64BDA7CB20DDAF21004C47A7 /* Mocks */,
				643DB71D20ACE772001A7B95 /* Helpers */,
				6441AC4F209A6DED00B03F3E /* Extensions */,
				64570075207552870061A81D /* Models */,
				6441AC4B209A6D8B00B03F3E /* XML */,
				38F2AE491FD3B15E00BC1D27 /* Info.plist */,
			);
			path = SwiftOverpassTests;
			sourceTree = "<group>";
		};
		38F2AE531FD3B40300BC1D27 /* Frameworks */ = {
			isa = PBXGroup;
			children = (
				387EEFED1FE00869008AAB56 /* SwiftOverpassDemo.xcodeproj */,
				38F2AEAA1FD3CEC700BC1D27 /* XCTest.framework */,
				38F2AE571FD3B40C00BC1D27 /* Alamofire.framework */,
				38F2AE551FD3B40300BC1D27 /* AEXML.framework */,
			);
			name = Frameworks;
			sourceTree = "<group>";
		};
		6419CEEF20D99F39006E57BC /* Way */ = {
			isa = PBXGroup;
			children = (
				643DB71620ACE53F001A7B95 /* SingleWay.xml */,
				64BDA7C920DDA30C004C47A7 /* SingleWayWithNodeThatIsMissingItsID.xml */,
				64732EAA20D6745000B5646E /* SingleWayWithMetaProperties.xml */,
			);
			path = Way;
			sourceTree = "<group>";
		};
		6419CEF120D99F49006E57BC /* Relation */ = {
			isa = PBXGroup;
			children = (
				6408D77620D3184100829A3A /* SingleRelation.xml */,
				6484AD8E20D4676B00AD2EAC /* SingleRelationWithMemberOfUnexpectedType.xml */,
				6484AD9120D46CD100AD2EAC /* SingleRelationWithMemberThatIsMissingItsID.xml */,
				64732EA720D6732700B5646E /* SingleRelationWithMetaProperties.xml */,
			);
			path = Relation;
			sourceTree = "<group>";
		};
		6419CEF220D99F61006E57BC /* Node */ = {
			isa = PBXGroup;
			children = (
				6441AC4D209A6DAF00B03F3E /* SingleNode.xml */,
				6484AD9320D4707800AD2EAC /* SingleNodeWithMetaProperties.xml */,
			);
			path = Node;
			sourceTree = "<group>";
		};
		643404A120FEA482004C79D5 /* Response */ = {
			isa = PBXGroup;
			children = (
				643404A620FEA6A3004C79D5 /* ShortenedResponseFromOpenStreetMapAPI.xml */,
				643404A720FEA6A3004C79D5 /* ShortenedResponseFromOverpass.xml */,
			);
			path = Response;
			sourceTree = "<group>";
		};
		643DB71D20ACE772001A7B95 /* Helpers */ = {
			isa = PBXGroup;
			children = (
				643DB71E20ACE79F001A7B95 /* XCTestCase+XMLFromFile.swift */,
			);
			path = Helpers;
			sourceTree = "<group>";
		};
		6441AC4B209A6D8B00B03F3E /* XML */ = {
			isa = PBXGroup;
			children = (
				643404A120FEA482004C79D5 /* Response */,
				6419CEF220D99F61006E57BC /* Node */,
				6419CEF120D99F49006E57BC /* Relation */,
				6419CEEF20D99F39006E57BC /* Way */,
			);
			path = XML;
			sourceTree = "<group>";
		};
		6441AC4F209A6DED00B03F3E /* Extensions */ = {
			isa = PBXGroup;
			children = (
				6441AC55209A707E00B03F3E /* OverpassNode_AEXMLElementTestCase.swift */,
				6408D77A20D3190000829A3A /* OverpassRelation_AEXMLElementTestCase.swift */,
				643DB71B20ACE69F001A7B95 /* OverpassWay_AEXMLElementTestCase.swift */,
			);
			path = Extensions;
			sourceTree = "<group>";
		};
		6441AC50209A6ED000B03F3E /* Extensions */ = {
			isa = PBXGroup;
			children = (
				6441AC53209A700B00B03F3E /* OverpassNode+AEXMLElement.swift */,
				643DB70E20ACDCBD001A7B95 /* OverpassEntity+AEXMLElement.swift */,
				6408D77820D3189200829A3A /* OverpassRelation+AEXMLElement.swift */,
				643DB71920ACE5A4001A7B95 /* OverpassWay+AEXMLElement.swift */,
				6481864921238C1F00808873 /* OverpassTag+AEXMLElement.swift */,
			);
			path = Extensions;
			sourceTree = "<group>";
		};
		64570075207552870061A81D /* Models */ = {
			isa = PBXGroup;
			children = (
				64570077207552AA0061A81D /* OverpassTagTestCase.swift */,
				6434049E20FEA186004C79D5 /* OverpassResponseTestCase.swift */,
			);
			path = Models;
			sourceTree = "<group>";
		};
		6481863D21238B1900808873 /* Models */ = {
			isa = PBXGroup;
			children = (
				38F2AEA41FD3CD9E00BC1D27 /* OverpassTag.swift */,
				6481863E21238B1900808873 /* Elements */,
			);
			path = Models;
			sourceTree = "<group>";
		};
		6481863E21238B1900808873 /* Elements */ = {
			isa = PBXGroup;
			children = (
				6481863F21238B1900808873 /* OverpassWay.swift */,
				6481864021238B1900808873 /* OverpassElement.swift */,
				6481864121238B1900808873 /* OverpassNode.swift */,
				6481864221238B1900808873 /* OverpassRelation.swift */,
				6481864321238B1900808873 /* OverpassResponseElementsProviding.swift */,
			);
			path = Elements;
			sourceTree = "<group>";
		};
		64BDA7CB20DDAF21004C47A7 /* Mocks */ = {
			isa = PBXGroup;
			children = (
				64BDA7CC20DDAF3F004C47A7 /* OverpassResponseElementProviderMock.swift */,
			);
			path = Mocks;
			sourceTree = "<group>";
		};
/* End PBXGroup section */

/* Begin PBXHeadersBuildPhase section */
		38F2AE361FD3B15E00BC1D27 /* Headers */ = {
			isa = PBXHeadersBuildPhase;
			buildActionMask = 2147483647;
			files = (
				38F2AE4A1FD3B15E00BC1D27 /* SwiftOverpass.h in Headers */,
			);
			runOnlyForDeploymentPostprocessing = 0;
		};
/* End PBXHeadersBuildPhase section */

/* Begin PBXNativeTarget section */
		38F2AE381FD3B15E00BC1D27 /* SwiftOverpass */ = {
			isa = PBXNativeTarget;
			buildConfigurationList = 38F2AE4D1FD3B15E00BC1D27 /* Build configuration list for PBXNativeTarget "SwiftOverpass" */;
			buildPhases = (
				38F2AE341FD3B15E00BC1D27 /* Sources */,
				38F2AE351FD3B15E00BC1D27 /* Frameworks */,
				38F2AE361FD3B15E00BC1D27 /* Headers */,
				38F2AE371FD3B15E00BC1D27 /* Resources */,
			);
			buildRules = (
			);
			dependencies = (
			);
			name = SwiftOverpass;
			productName = SwiftOverpass;
			productReference = 38F2AE391FD3B15E00BC1D27 /* SwiftOverpass.framework */;
			productType = "com.apple.product-type.framework";
		};
		38F2AE411FD3B15E00BC1D27 /* SwiftOverpassTests */ = {
			isa = PBXNativeTarget;
			buildConfigurationList = 38F2AE501FD3B15E00BC1D27 /* Build configuration list for PBXNativeTarget "SwiftOverpassTests" */;
			buildPhases = (
				38F2AE3E1FD3B15E00BC1D27 /* Sources */,
				38F2AE3F1FD3B15E00BC1D27 /* Frameworks */,
				38F2AE401FD3B15E00BC1D27 /* Resources */,
			);
			buildRules = (
			);
			dependencies = (
				38F2AE451FD3B15E00BC1D27 /* PBXTargetDependency */,
			);
			name = SwiftOverpassTests;
			productName = SwiftOverpassTests;
			productReference = 38F2AE421FD3B15E00BC1D27 /* SwiftOverpassTests.xctest */;
			productType = "com.apple.product-type.bundle.unit-test";
		};
/* End PBXNativeTarget section */

/* Begin PBXProject section */
		38F2AE301FD3B15E00BC1D27 /* Project object */ = {
			isa = PBXProject;
			attributes = {
				LastSwiftUpdateCheck = 0910;
				LastUpgradeCheck = 0910;
				ORGANIZATIONNAME = "Sho Kamei";
				TargetAttributes = {
					38F2AE381FD3B15E00BC1D27 = {
						CreatedOnToolsVersion = 9.1;
						ProvisioningStyle = Automatic;
					};
					38F2AE411FD3B15E00BC1D27 = {
						CreatedOnToolsVersion = 9.1;
						ProvisioningStyle = Automatic;
					};
				};
			};
			buildConfigurationList = 38F2AE331FD3B15E00BC1D27 /* Build configuration list for PBXProject "SwiftOverpass" */;
			compatibilityVersion = "Xcode 8.0";
			developmentRegion = en;
			hasScannedForEncodings = 0;
			knownRegions = (
				en,
				Base,
			);
			mainGroup = 38F2AE2F1FD3B15E00BC1D27;
			productRefGroup = 38F2AE3A1FD3B15E00BC1D27 /* Products */;
			projectDirPath = "";
			projectReferences = (
				{
					ProductGroup = 387EEFEE1FE00869008AAB56 /* Products */;
					ProjectRef = 387EEFED1FE00869008AAB56 /* SwiftOverpassDemo.xcodeproj */;
				},
			);
			projectRoot = "";
			targets = (
				38F2AE381FD3B15E00BC1D27 /* SwiftOverpass */,
				38F2AE411FD3B15E00BC1D27 /* SwiftOverpassTests */,
			);
		};
/* End PBXProject section */

/* Begin PBXReferenceProxy section */
		387EEFF21FE00869008AAB56 /* SwiftOverpassDemo.app */ = {
			isa = PBXReferenceProxy;
			fileType = wrapper.application;
			path = SwiftOverpassDemo.app;
			remoteRef = 387EEFF11FE00869008AAB56 /* PBXContainerItemProxy */;
			sourceTree = BUILT_PRODUCTS_DIR;
		};
/* End PBXReferenceProxy section */

/* Begin PBXResourcesBuildPhase section */
		38F2AE371FD3B15E00BC1D27 /* Resources */ = {
			isa = PBXResourcesBuildPhase;
			buildActionMask = 2147483647;
			files = (
			);
			runOnlyForDeploymentPostprocessing = 0;
		};
		38F2AE401FD3B15E00BC1D27 /* Resources */ = {
			isa = PBXResourcesBuildPhase;
			buildActionMask = 2147483647;
			files = (
				6484AD9620D474F500AD2EAC /* SingleNodeWithMetaProperties.xml in Resources */,
				64732EAB20D6745F00B5646E /* SingleWayWithMetaProperties.xml in Resources */,
				643404A920FEA6A3004C79D5 /* ShortenedResponseFromOverpass.xml in Resources */,
				6408D77C20D31AB000829A3A /* SingleRelation.xml in Resources */,
				6441AC4E209A6DAF00B03F3E /* SingleNode.xml in Resources */,
				643DB71720ACE53F001A7B95 /* SingleWay.xml in Resources */,
				64BDA7CA20DDA3CF004C47A7 /* SingleWayWithNodeThatIsMissingItsID.xml in Resources */,
				6484AD9220D46D7D00AD2EAC /* SingleRelationWithMemberThatIsMissingItsID.xml in Resources */,
				6484AD9020D4695A00AD2EAC /* SingleRelationWithMemberOfUnexpectedType.xml in Resources */,
				643404A820FEA6A3004C79D5 /* ShortenedResponseFromOpenStreetMapAPI.xml in Resources */,
				64732EA920D6734600B5646E /* SingleRelationWithMetaProperties.xml in Resources */,
			);
			runOnlyForDeploymentPostprocessing = 0;
		};
/* End PBXResourcesBuildPhase section */

/* Begin PBXSourcesBuildPhase section */
		38F2AE341FD3B15E00BC1D27 /* Sources */ = {
			isa = PBXSourcesBuildPhase;
			buildActionMask = 2147483647;
			files = (
				6481864A21238C1F00808873 /* OverpassTag+AEXMLElement.swift in Sources */,
				382CA9A720E23A1C007D7496 /* QueryBuilder.swift in Sources */,
				643DB71A20ACE5A4001A7B95 /* OverpassWay+AEXMLElement.swift in Sources */,
				382CA9AD20E23DC1007D7496 /* WayReferable.swift in Sources */,
				6481864821238B1900808873 /* OverpassResponseElementsProviding.swift in Sources */,
				382CA9AF20E23DD1007D7496 /* RelationReferable.swift in Sources */,
				6408D77920D3189200829A3A /* OverpassRelation+AEXMLElement.swift in Sources */,
				38F2AEA31FD3CD6100BC1D27 /* SwiftOverpass.swift in Sources */,
				6481864421238B1900808873 /* OverpassWay.swift in Sources */,
				38F2AEA71FD3CDAA00BC1D27 /* BoudingBox.swift in Sources */,
				38F2AEAE1FD3CF2800BC1D27 /* WayQuery.swift in Sources */,
				6481864521238B1900808873 /* OverpassElement.swift in Sources */,
				38F2AF0C1FD407CE00BC1D27 /* OverpassResponse.swift in Sources */,
				382CA9AB20E23DB1007D7496 /* NodeReferable.swift in Sources */,
				38F2AEB01FD3CF3E00BC1D27 /* RelationQuery.swift in Sources */,
				38D4801720E24796007BD521 /* XMLQueryBuilder.swift in Sources */,
				6481864621238B1900808873 /* OverpassNode.swift in Sources */,
				643DB70F20ACDCBD001A7B95 /* OverpassEntity+AEXMLElement.swift in Sources */,
				38F2AEA91FD3CDEA00BC1D27 /* OverpassQuery.swift in Sources */,
				6481864721238B1900808873 /* OverpassRelation.swift in Sources */,
				38F2AEAC1FD3CF1300BC1D27 /* NodeQuery.swift in Sources */,
				38F2AEA51FD3CD9E00BC1D27 /* OverpassTag.swift in Sources */,
				6441AC54209A700B00B03F3E /* OverpassNode+AEXMLElement.swift in Sources */,
			);
			runOnlyForDeploymentPostprocessing = 0;
		};
		38F2AE3E1FD3B15E00BC1D27 /* Sources */ = {
			isa = PBXSourcesBuildPhase;
			buildActionMask = 2147483647;
			files = (
				64570078207552AA0061A81D /* OverpassTagTestCase.swift in Sources */,
				643DB71C20ACE69F001A7B95 /* OverpassWay_AEXMLElementTestCase.swift in Sources */,
				643DB71F20ACE79F001A7B95 /* XCTestCase+XMLFromFile.swift in Sources */,
				6441AC56209A707E00B03F3E /* OverpassNode_AEXMLElementTestCase.swift in Sources */,
				6408D77B20D3190000829A3A /* OverpassRelation_AEXMLElementTestCase.swift in Sources */,
				6434049F20FEA186004C79D5 /* OverpassResponseTestCase.swift in Sources */,
				64BDA7CD20DDAF3F004C47A7 /* OverpassResponseElementProviderMock.swift in Sources */,
			);
			runOnlyForDeploymentPostprocessing = 0;
		};
/* End PBXSourcesBuildPhase section */

/* Begin PBXTargetDependency section */
		38F2AE451FD3B15E00BC1D27 /* PBXTargetDependency */ = {
			isa = PBXTargetDependency;
			target = 38F2AE381FD3B15E00BC1D27 /* SwiftOverpass */;
			targetProxy = 38F2AE441FD3B15E00BC1D27 /* PBXContainerItemProxy */;
		};
/* End PBXTargetDependency section */

/* Begin XCBuildConfiguration section */
		38F2AE4B1FD3B15E00BC1D27 /* Debug */ = {
			isa = XCBuildConfiguration;
			buildSettings = {
				ALWAYS_SEARCH_USER_PATHS = NO;
				CLANG_ANALYZER_NONNULL = YES;
				CLANG_ANALYZER_NUMBER_OBJECT_CONVERSION = YES_AGGRESSIVE;
				CLANG_CXX_LANGUAGE_STANDARD = "gnu++14";
				CLANG_CXX_LIBRARY = "libc++";
				CLANG_ENABLE_MODULES = YES;
				CLANG_ENABLE_OBJC_ARC = YES;
				CLANG_WARN_BLOCK_CAPTURE_AUTORELEASING = YES;
				CLANG_WARN_BOOL_CONVERSION = YES;
				CLANG_WARN_COMMA = YES;
				CLANG_WARN_CONSTANT_CONVERSION = YES;
				CLANG_WARN_DIRECT_OBJC_ISA_USAGE = YES_ERROR;
				CLANG_WARN_DOCUMENTATION_COMMENTS = YES;
				CLANG_WARN_EMPTY_BODY = YES;
				CLANG_WARN_ENUM_CONVERSION = YES;
				CLANG_WARN_INFINITE_RECURSION = YES;
				CLANG_WARN_INT_CONVERSION = YES;
				CLANG_WARN_NON_LITERAL_NULL_CONVERSION = YES;
				CLANG_WARN_OBJC_LITERAL_CONVERSION = YES;
				CLANG_WARN_OBJC_ROOT_CLASS = YES_ERROR;
				CLANG_WARN_RANGE_LOOP_ANALYSIS = YES;
				CLANG_WARN_STRICT_PROTOTYPES = YES;
				CLANG_WARN_SUSPICIOUS_MOVE = YES;
				CLANG_WARN_UNGUARDED_AVAILABILITY = YES_AGGRESSIVE;
				CLANG_WARN_UNREACHABLE_CODE = YES;
				CLANG_WARN__DUPLICATE_METHOD_MATCH = YES;
				CODE_SIGN_IDENTITY = "iPhone Developer";
				COPY_PHASE_STRIP = NO;
				CURRENT_PROJECT_VERSION = 1;
				DEBUG_INFORMATION_FORMAT = dwarf;
				ENABLE_STRICT_OBJC_MSGSEND = YES;
				ENABLE_TESTABILITY = YES;
				GCC_C_LANGUAGE_STANDARD = gnu11;
				GCC_DYNAMIC_NO_PIC = NO;
				GCC_NO_COMMON_BLOCKS = YES;
				GCC_OPTIMIZATION_LEVEL = 0;
				GCC_PREPROCESSOR_DEFINITIONS = (
					"DEBUG=1",
					"$(inherited)",
				);
				GCC_WARN_64_TO_32_BIT_CONVERSION = YES;
				GCC_WARN_ABOUT_RETURN_TYPE = YES_ERROR;
				GCC_WARN_UNDECLARED_SELECTOR = YES;
				GCC_WARN_UNINITIALIZED_AUTOS = YES_AGGRESSIVE;
				GCC_WARN_UNUSED_FUNCTION = YES;
				GCC_WARN_UNUSED_VARIABLE = YES;
				IPHONEOS_DEPLOYMENT_TARGET = 11.1;
				MTL_ENABLE_DEBUG_INFO = YES;
				ONLY_ACTIVE_ARCH = YES;
				SDKROOT = iphoneos;
				SWIFT_ACTIVE_COMPILATION_CONDITIONS = DEBUG;
				SWIFT_OPTIMIZATION_LEVEL = "-Onone";
				VERSIONING_SYSTEM = "apple-generic";
				VERSION_INFO_PREFIX = "";
			};
			name = Debug;
		};
		38F2AE4C1FD3B15E00BC1D27 /* Release */ = {
			isa = XCBuildConfiguration;
			buildSettings = {
				ALWAYS_SEARCH_USER_PATHS = NO;
				CLANG_ANALYZER_NONNULL = YES;
				CLANG_ANALYZER_NUMBER_OBJECT_CONVERSION = YES_AGGRESSIVE;
				CLANG_CXX_LANGUAGE_STANDARD = "gnu++14";
				CLANG_CXX_LIBRARY = "libc++";
				CLANG_ENABLE_MODULES = YES;
				CLANG_ENABLE_OBJC_ARC = YES;
				CLANG_WARN_BLOCK_CAPTURE_AUTORELEASING = YES;
				CLANG_WARN_BOOL_CONVERSION = YES;
				CLANG_WARN_COMMA = YES;
				CLANG_WARN_CONSTANT_CONVERSION = YES;
				CLANG_WARN_DIRECT_OBJC_ISA_USAGE = YES_ERROR;
				CLANG_WARN_DOCUMENTATION_COMMENTS = YES;
				CLANG_WARN_EMPTY_BODY = YES;
				CLANG_WARN_ENUM_CONVERSION = YES;
				CLANG_WARN_INFINITE_RECURSION = YES;
				CLANG_WARN_INT_CONVERSION = YES;
				CLANG_WARN_NON_LITERAL_NULL_CONVERSION = YES;
				CLANG_WARN_OBJC_LITERAL_CONVERSION = YES;
				CLANG_WARN_OBJC_ROOT_CLASS = YES_ERROR;
				CLANG_WARN_RANGE_LOOP_ANALYSIS = YES;
				CLANG_WARN_STRICT_PROTOTYPES = YES;
				CLANG_WARN_SUSPICIOUS_MOVE = YES;
				CLANG_WARN_UNGUARDED_AVAILABILITY = YES_AGGRESSIVE;
				CLANG_WARN_UNREACHABLE_CODE = YES;
				CLANG_WARN__DUPLICATE_METHOD_MATCH = YES;
				CODE_SIGN_IDENTITY = "iPhone Developer";
				COPY_PHASE_STRIP = NO;
				CURRENT_PROJECT_VERSION = 1;
				DEBUG_INFORMATION_FORMAT = "dwarf-with-dsym";
				ENABLE_NS_ASSERTIONS = NO;
				ENABLE_STRICT_OBJC_MSGSEND = YES;
				GCC_C_LANGUAGE_STANDARD = gnu11;
				GCC_NO_COMMON_BLOCKS = YES;
				GCC_WARN_64_TO_32_BIT_CONVERSION = YES;
				GCC_WARN_ABOUT_RETURN_TYPE = YES_ERROR;
				GCC_WARN_UNDECLARED_SELECTOR = YES;
				GCC_WARN_UNINITIALIZED_AUTOS = YES_AGGRESSIVE;
				GCC_WARN_UNUSED_FUNCTION = YES;
				GCC_WARN_UNUSED_VARIABLE = YES;
				IPHONEOS_DEPLOYMENT_TARGET = 11.1;
				MTL_ENABLE_DEBUG_INFO = NO;
				SDKROOT = iphoneos;
				SWIFT_OPTIMIZATION_LEVEL = "-Owholemodule";
				VALIDATE_PRODUCT = YES;
				VERSIONING_SYSTEM = "apple-generic";
				VERSION_INFO_PREFIX = "";
			};
			name = Release;
		};
		38F2AE4E1FD3B15E00BC1D27 /* Debug */ = {
			isa = XCBuildConfiguration;
			buildSettings = {
				CODE_SIGN_IDENTITY = "";
				CODE_SIGN_STYLE = Automatic;
				DEFINES_MODULE = YES;
				DEVELOPMENT_TEAM = "";
				DYLIB_COMPATIBILITY_VERSION = 1;
				DYLIB_CURRENT_VERSION = 1;
				DYLIB_INSTALL_NAME_BASE = "@rpath";
				INFOPLIST_FILE = SwiftOverpass/Info.plist;
				INSTALL_PATH = "$(LOCAL_LIBRARY_DIR)/Frameworks";
				IPHONEOS_DEPLOYMENT_TARGET = 10.0;
				LD_RUNPATH_SEARCH_PATHS = "$(inherited) @executable_path/Frameworks @loader_path/Frameworks";
				PRODUCT_BUNDLE_IDENTIFIER = kamekame.SwiftOverpass;
				PRODUCT_NAME = "$(TARGET_NAME:c99extidentifier)";
				SKIP_INSTALL = YES;
				SWIFT_VERSION = 4.0;
				TARGETED_DEVICE_FAMILY = "1,2";
			};
			name = Debug;
		};
		38F2AE4F1FD3B15E00BC1D27 /* Release */ = {
			isa = XCBuildConfiguration;
			buildSettings = {
				CODE_SIGN_IDENTITY = "";
				CODE_SIGN_STYLE = Automatic;
				DEFINES_MODULE = YES;
				DEVELOPMENT_TEAM = "";
				DYLIB_COMPATIBILITY_VERSION = 1;
				DYLIB_CURRENT_VERSION = 1;
				DYLIB_INSTALL_NAME_BASE = "@rpath";
				INFOPLIST_FILE = SwiftOverpass/Info.plist;
				INSTALL_PATH = "$(LOCAL_LIBRARY_DIR)/Frameworks";
				IPHONEOS_DEPLOYMENT_TARGET = 10.0;
				LD_RUNPATH_SEARCH_PATHS = "$(inherited) @executable_path/Frameworks @loader_path/Frameworks";
				PRODUCT_BUNDLE_IDENTIFIER = kamekame.SwiftOverpass;
				PRODUCT_NAME = "$(TARGET_NAME:c99extidentifier)";
				SKIP_INSTALL = YES;
				SWIFT_VERSION = 4.0;
				TARGETED_DEVICE_FAMILY = "1,2";
			};
			name = Release;
		};
		38F2AE511FD3B15E00BC1D27 /* Debug */ = {
			isa = XCBuildConfiguration;
			buildSettings = {
				ALWAYS_EMBED_SWIFT_STANDARD_LIBRARIES = YES;
				CODE_SIGN_STYLE = Automatic;
				DEVELOPMENT_TEAM = 9KTA8T8XBQ;
				INFOPLIST_FILE = SwiftOverpassTests/Info.plist;
				LD_RUNPATH_SEARCH_PATHS = "$(inherited) @executable_path/Frameworks @loader_path/Frameworks";
				PRODUCT_BUNDLE_IDENTIFIER = kamekame.SwiftOverpassTests;
				PRODUCT_NAME = "$(TARGET_NAME)";
				SWIFT_VERSION = 4.0;
				TARGETED_DEVICE_FAMILY = "1,2";
			};
			name = Debug;
		};
		38F2AE521FD3B15E00BC1D27 /* Release */ = {
			isa = XCBuildConfiguration;
			buildSettings = {
				ALWAYS_EMBED_SWIFT_STANDARD_LIBRARIES = YES;
				CODE_SIGN_STYLE = Automatic;
				DEVELOPMENT_TEAM = 9KTA8T8XBQ;
				INFOPLIST_FILE = SwiftOverpassTests/Info.plist;
				LD_RUNPATH_SEARCH_PATHS = "$(inherited) @executable_path/Frameworks @loader_path/Frameworks";
				PRODUCT_BUNDLE_IDENTIFIER = kamekame.SwiftOverpassTests;
				PRODUCT_NAME = "$(TARGET_NAME)";
				SWIFT_VERSION = 4.0;
				TARGETED_DEVICE_FAMILY = "1,2";
			};
			name = Release;
		};
/* End XCBuildConfiguration section */

/* Begin XCConfigurationList section */
		38F2AE331FD3B15E00BC1D27 /* Build configuration list for PBXProject "SwiftOverpass" */ = {
			isa = XCConfigurationList;
			buildConfigurations = (
				38F2AE4B1FD3B15E00BC1D27 /* Debug */,
				38F2AE4C1FD3B15E00BC1D27 /* Release */,
			);
			defaultConfigurationIsVisible = 0;
			defaultConfigurationName = Release;
		};
		38F2AE4D1FD3B15E00BC1D27 /* Build configuration list for PBXNativeTarget "SwiftOverpass" */ = {
			isa = XCConfigurationList;
			buildConfigurations = (
				38F2AE4E1FD3B15E00BC1D27 /* Debug */,
				38F2AE4F1FD3B15E00BC1D27 /* Release */,
			);
			defaultConfigurationIsVisible = 0;
			defaultConfigurationName = Release;
		};
		38F2AE501FD3B15E00BC1D27 /* Build configuration list for PBXNativeTarget "SwiftOverpassTests" */ = {
			isa = XCConfigurationList;
			buildConfigurations = (
				38F2AE511FD3B15E00BC1D27 /* Debug */,
				38F2AE521FD3B15E00BC1D27 /* Release */,
			);
			defaultConfigurationIsVisible = 0;
			defaultConfigurationName = Release;
		};
/* End XCConfigurationList section */
	};
	rootObject = 38F2AE301FD3B15E00BC1D27 /* Project object */;
}
